
Microsoft Visual Studio Solution File, Format Version 12.00
# Visual Studio Version 16
VisualStudioVersion = 16.0.30503.244
MinimumVisualStudioVersion = 10.0.40219.1
Project("{FAE04EC0-301F-11D3-BF4B-00C04F79EFBC}") = "Lab2", "Lab2\Lab2.csproj", "{A225FCC8-C377-43E3-81F8-A6486C37C894}"
EndProject
Global
	GlobalSection(SolutionConfigurationPlatforms) = preSolution
		Debug|Any CPU = Debug|Any CPU
		Release|Any CPU = Release|Any CPU
	EndGlobalSection
	GlobalSection(ProjectConfigurationPlatforms) = postSolution
		{A225FCC8-C377-43E3-81F8-A6486C37C894}.Debug|Any CPU.ActiveCfg = Debug|Any CPU
		{A225FCC8-C377-43E3-81F8-A6486C37C894}.Debug|Any CPU.Build.0 = Debug|Any CPU
		{A225FCC8-C377-43E3-81F8-A6486C37C894}.Release|Any CPU.ActiveCfg = Release|Any CPU
		{A225FCC8-C377-43E3-81F8-A6486C37C894}.Release|Any CPU.Build.0 = Release|Any CPU
	EndGlobalSection
	GlobalSection(SolutionProperties) = preSolution
		HideSolutionNode = FALSE
	EndGlobalSection
	GlobalSection(ExtensibilityGlobals) = postSolution
		SolutionGuid = {8686FF3B-F2E2-4EC2-B646-914433752617}
	EndGlobalSection
EndGlobal
